// !$*UTF8*$!
{
	archiveVersion = 1;
	classes = {
	};
	objectVersion = 56;
	objects = {

/* Begin PBXBuildFile section */
		5433C0482987B97700280BA5 /* AppDelegate.swift in Sources */ = {isa = PBXBuildFile; fileRef = 5433C0472987B97700280BA5 /* AppDelegate.swift */; };
		5433C04A2987B97700280BA5 /* SceneDelegate.swift in Sources */ = {isa = PBXBuildFile; fileRef = 5433C0492987B97700280BA5 /* SceneDelegate.swift */; };
		5433C04C2987B97700280BA5 /* ViewController.swift in Sources */ = {isa = PBXBuildFile; fileRef = 5433C04B2987B97700280BA5 /* ViewController.swift */; };
		5433C04F2987B97700280BA5 /* Main.storyboard in Resources */ = {isa = PBXBuildFile; fileRef = 5433C04D2987B97700280BA5 /* Main.storyboard */; };
		5433C0512987B97800280BA5 /* Assets.xcassets in Resources */ = {isa = PBXBuildFile; fileRef = 5433C0502987B97800280BA5 /* Assets.xcassets */; };
		5433C0542987B97800280BA5 /* LaunchScreen.storyboard in Resources */ = {isa = PBXBuildFile; fileRef = 5433C0522987B97800280BA5 /* LaunchScreen.storyboard */; };
		54D5E0E629880864007C81CC /* Presenter.swift in Sources */ = {isa = PBXBuildFile; fileRef = 54D5E0E529880864007C81CC /* Presenter.swift */; };
		54D5E0E82988155B007C81CC /* MainView.swift in Sources */ = {isa = PBXBuildFile; fileRef = 54D5E0E72988155B007C81CC /* MainView.swift */; };
		54D5E0EA2989488A007C81CC /* Question.swift in Sources */ = {isa = PBXBuildFile; fileRef = 54D5E0E92989488A007C81CC /* Question.swift */; };
		54D5E0EC298A635A007C81CC /* ProgressViewModel.swift in Sources */ = {isa = PBXBuildFile; fileRef = 54D5E0EB298A635A007C81CC /* ProgressViewModel.swift */; };
		54D5E0F1298A7C84007C81CC /* QuizBrain.swift in Sources */ = {isa = PBXBuildFile; fileRef = 54D5E0F0298A7C83007C81CC /* QuizBrain.swift */; };
/* End PBXBuildFile section */

/* Begin PBXFileReference section */
		5433C0442987B97700280BA5 /* Quizzler.app */ = {isa = PBXFileReference; explicitFileType = wrapper.application; includeInIndex = 0; path = Quizzler.app; sourceTree = BUILT_PRODUCTS_DIR; };
		5433C0472987B97700280BA5 /* AppDelegate.swift */ = {isa = PBXFileReference; lastKnownFileType = sourcecode.swift; path = AppDelegate.swift; sourceTree = "<group>"; };
		5433C0492987B97700280BA5 /* SceneDelegate.swift */ = {isa = PBXFileReference; lastKnownFileType = sourcecode.swift; path = SceneDelegate.swift; sourceTree = "<group>"; };
		5433C04B2987B97700280BA5 /* ViewController.swift */ = {isa = PBXFileReference; lastKnownFileType = sourcecode.swift; path = ViewController.swift; sourceTree = "<group>"; };
		5433C04E2987B97700280BA5 /* Base */ = {isa = PBXFileReference; lastKnownFileType = file.storyboard; name = Base; path = Base.lproj/Main.storyboard; sourceTree = "<group>"; };
		5433C0502987B97800280BA5 /* Assets.xcassets */ = {isa = PBXFileReference; lastKnownFileType = folder.assetcatalog; path = Assets.xcassets; sourceTree = "<group>"; };
		5433C0532987B97800280BA5 /* Base */ = {isa = PBXFileReference; lastKnownFileType = file.storyboard; name = Base; path = Base.lproj/LaunchScreen.storyboard; sourceTree = "<group>"; };
		5433C0552987B97800280BA5 /* Info.plist */ = {isa = PBXFileReference; lastKnownFileType = text.plist.xml; path = Info.plist; sourceTree = "<group>"; };
		54D5E0E529880864007C81CC /* Presenter.swift */ = {isa = PBXFileReference; lastKnownFileType = sourcecode.swift; path = Presenter.swift; sourceTree = "<group>"; };
		54D5E0E72988155B007C81CC /* MainView.swift */ = {isa = PBXFileReference; lastKnownFileType = sourcecode.swift; path = MainView.swift; sourceTree = "<group>"; };
		54D5E0E92989488A007C81CC /* Question.swift */ = {isa = PBXFileReference; lastKnownFileType = sourcecode.swift; path = Question.swift; sourceTree = "<group>"; };
		54D5E0EB298A635A007C81CC /* ProgressViewModel.swift */ = {isa = PBXFileReference; lastKnownFileType = sourcecode.swift; path = ProgressViewModel.swift; sourceTree = "<group>"; };
		54D5E0F0298A7C83007C81CC /* QuizBrain.swift */ = {isa = PBXFileReference; lastKnownFileType = sourcecode.swift; path = QuizBrain.swift; sourceTree = "<group>"; };
/* End PBXFileReference section */

/* Begin PBXFrameworksBuildPhase section */
		5433C0412987B97700280BA5 /* Frameworks */ = {
			isa = PBXFrameworksBuildPhase;
			buildActionMask = 2147483647;
			files = (
			);
			runOnlyForDeploymentPostprocessing = 0;
		};
/* End PBXFrameworksBuildPhase section */

/* Begin PBXGroup section */
		5433C03B2987B97700280BA5 = {
			isa = PBXGroup;
			children = (
				5433C0462987B97700280BA5 /* Quizzler */,
				5433C0452987B97700280BA5 /* Products */,
			);
			sourceTree = "<group>";
		};
		5433C0452987B97700280BA5 /* Products */ = {
			isa = PBXGroup;
			children = (
				5433C0442987B97700280BA5 /* Quizzler.app */,
			);
			name = Products;
			sourceTree = "<group>";
		};
		5433C0462987B97700280BA5 /* Quizzler */ = {
			isa = PBXGroup;
			children = (
				54D5E0EF298A7A25007C81CC /* Module */,
				54D5E0EE298A7A1B007C81CC /* Views */,
				54D5E0ED298A7A14007C81CC /* Models */,
				54D5E0E42987BB87007C81CC /* Applications */,
			);
			path = Quizzler;
			sourceTree = "<group>";
		};
		54D5E0E42987BB87007C81CC /* Applications */ = {
			isa = PBXGroup;
			children = (
				5433C0472987B97700280BA5 /* AppDelegate.swift */,
				5433C0492987B97700280BA5 /* SceneDelegate.swift */,
				5433C04D2987B97700280BA5 /* Main.storyboard */,
				5433C0502987B97800280BA5 /* Assets.xcassets */,
				5433C0522987B97800280BA5 /* LaunchScreen.storyboard */,
				5433C0552987B97800280BA5 /* Info.plist */,
			);
			path = Applications;
			sourceTree = "<group>";
		};
		54D5E0ED298A7A14007C81CC /* Models */ = {
			isa = PBXGroup;
			children = (
				54D5E0E92989488A007C81CC /* Question.swift */,
				54D5E0EB298A635A007C81CC /* ProgressViewModel.swift */,
				54D5E0F0298A7C83007C81CC /* QuizBrain.swift */,
			);
			path = Models;
			sourceTree = "<group>";
		};
		54D5E0EE298A7A1B007C81CC /* Views */ = {
			isa = PBXGroup;
			children = (
				54D5E0E72988155B007C81CC /* MainView.swift */,
			);
			path = Views;
			sourceTree = "<group>";
		};
		54D5E0EF298A7A25007C81CC /* Module */ = {
			isa = PBXGroup;
			children = (
				5433C04B2987B97700280BA5 /* ViewController.swift */,
				54D5E0E529880864007C81CC /* Presenter.swift */,
			);
			path = Module;
			sourceTree = "<group>";
		};
/* End PBXGroup section */

/* Begin PBXNativeTarget section */
		5433C0432987B97700280BA5 /* Quizzler */ = {
			isa = PBXNativeTarget;
			buildConfigurationList = 5433C0582987B97800280BA5 /* Build configuration list for PBXNativeTarget "Quizzler" */;
			buildPhases = (
				5433C0402987B97700280BA5 /* Sources */,
				5433C0412987B97700280BA5 /* Frameworks */,
				5433C0422987B97700280BA5 /* Resources */,
			);
			buildRules = (
			);
			dependencies = (
			);
			name = Quizzler;
			productName = Quizzler;
			productReference = 5433C0442987B97700280BA5 /* Quizzler.app */;
			productType = "com.apple.product-type.application";
		};
/* End PBXNativeTarget section */

/* Begin PBXProject section */
		5433C03C2987B97700280BA5 /* Project object */ = {
			isa = PBXProject;
			attributes = {
				BuildIndependentTargetsInParallel = 1;
				LastSwiftUpdateCheck = 1410;
				LastUpgradeCheck = 1410;
				TargetAttributes = {
					5433C0432987B97700280BA5 = {
						CreatedOnToolsVersion = 14.1;
					};
				};
			};
			buildConfigurationList = 5433C03F2987B97700280BA5 /* Build configuration list for PBXProject "Quizzler" */;
			compatibilityVersion = "Xcode 14.0";
			developmentRegion = en;
			hasScannedForEncodings = 0;
			knownRegions = (
				en,
				Base,
			);
			mainGroup = 5433C03B2987B97700280BA5;
			productRefGroup = 5433C0452987B97700280BA5 /* Products */;
			projectDirPath = "";
			projectRoot = "";
			targets = (
				5433C0432987B97700280BA5 /* Quizzler */,
			);
		};
/* End PBXProject section */

/* Begin PBXResourcesBuildPhase section */
		5433C0422987B97700280BA5 /* Resources */ = {
			isa = PBXResourcesBuildPhase;
			buildActionMask = 2147483647;
			files = (
				5433C0542987B97800280BA5 /* LaunchScreen.storyboard in Resources */,
				5433C0512987B97800280BA5 /* Assets.xcassets in Resources */,
				5433C04F2987B97700280BA5 /* Main.storyboard in Resources */,
			);
			runOnlyForDeploymentPostprocessing = 0;
		};
/* End PBXResourcesBuildPhase section */

/* Begin PBXSourcesBuildPhase section */
		5433C0402987B97700280BA5 /* Sources */ = {
			isa = PBXSourcesBuildPhase;
			buildActionMask = 2147483647;
			files = (
				5433C04C2987B97700280BA5 /* ViewController.swift in Sources */,
				5433C0482987B97700280BA5 /* AppDelegate.swift in Sources */,
				54D5E0E629880864007C81CC /* Presenter.swift in Sources */,
				54D5E0EA2989488A007C81CC /* Question.swift in Sources */,
				54D5E0E82988155B007C81CC /* MainView.swift in Sources */,
				5433C04A2987B97700280BA5 /* SceneDelegate.swift in Sources */,
				54D5E0EC298A635A007C81CC /* ProgressViewModel.swift in Sources */,
				54D5E0F1298A7C84007C81CC /* QuizBrain.swift in Sources */,
			);
			runOnlyForDeploymentPostprocessing = 0;
		};
/* End PBXSourcesBuildPhase section */

/* Begin PBXVariantGroup section */
		5433C04D2987B97700280BA5 /* Main.storyboard */ = {
			isa = PBXVariantGroup;
			children = (
				5433C04E2987B97700280BA5 /* Base */,
			);
			name = Main.storyboard;
			sourceTree = "<group>";
		};
		5433C0522987B97800280BA5 /* LaunchScreen.storyboard */ = {
			isa = PBXVariantGroup;
			children = (
				5433C0532987B97800280BA5 /* Base */,
			);
			name = LaunchScreen.storyboard;
			sourceTree = "<group>";
		};
/* End PBXVariantGroup section */

/* Begin XCBuildConfiguration section */
		5433C0562987B97800280BA5 /* Debug */ = {
			isa = XCBuildConfiguration;
			buildSettings = {
				ALWAYS_SEARCH_USER_PATHS = NO;
				CLANG_ANALYZER_NONNULL = YES;
				CLANG_ANALYZER_NUMBER_OBJECT_CONVERSION = YES_AGGRESSIVE;
				CLANG_CXX_LANGUAGE_STANDARD = "gnu++20";
				CLANG_ENABLE_MODULES = YES;
				CLANG_ENABLE_OBJC_ARC = YES;
				CLANG_ENABLE_OBJC_WEAK = YES;
				CLANG_WARN_BLOCK_CAPTURE_AUTORELEASING = YES;
				CLANG_WARN_BOOL_CONVERSION = YES;
				CLANG_WARN_COMMA = YES;
				CLANG_WARN_CONSTANT_CONVERSION = YES;
				CLANG_WARN_DEPRECATED_OBJC_IMPLEMENTATIONS = YES;
				CLANG_WARN_DIRECT_OBJC_ISA_USAGE = YES_ERROR;
				CLANG_WARN_DOCUMENTATION_COMMENTS = YES;
				CLANG_WARN_EMPTY_BODY = YES;
				CLANG_WARN_ENUM_CONVERSION = YES;
				CLANG_WARN_INFINITE_RECURSION = YES;
				CLANG_WARN_INT_CONVERSION = YES;
				CLANG_WARN_NON_LITERAL_NULL_CONVERSION = YES;
				CLANG_WARN_OBJC_IMPLICIT_RETAIN_SELF = YES;
				CLANG_WARN_OBJC_LITERAL_CONVERSION = YES;
				CLANG_WARN_OBJC_ROOT_CLASS = YES_ERROR;
				CLANG_WARN_QUOTED_INCLUDE_IN_FRAMEWORK_HEADER = YES;
				CLANG_WARN_RANGE_LOOP_ANALYSIS = YES;
				CLANG_WARN_STRICT_PROTOTYPES = YES;
				CLANG_WARN_SUSPICIOUS_MOVE = YES;
				CLANG_WARN_UNGUARDED_AVAILABILITY = YES_AGGRESSIVE;
				CLANG_WARN_UNREACHABLE_CODE = YES;
				CLANG_WARN__DUPLICATE_METHOD_MATCH = YES;
				COPY_PHASE_STRIP = NO;
				DEBUG_INFORMATION_FORMAT = dwarf;
				ENABLE_STRICT_OBJC_MSGSEND = YES;
				ENABLE_TESTABILITY = YES;
				GCC_C_LANGUAGE_STANDARD = gnu11;
				GCC_DYNAMIC_NO_PIC = NO;
				GCC_NO_COMMON_BLOCKS = YES;
				GCC_OPTIMIZATION_LEVEL = 0;
				GCC_PREPROCESSOR_DEFINITIONS = (
					"DEBUG=1",
					"$(inherited)",
				);
				GCC_WARN_64_TO_32_BIT_CONVERSION = YES;
				GCC_WARN_ABOUT_RETURN_TYPE = YES_ERROR;
				GCC_WARN_UNDECLARED_SELECTOR = YES;
				GCC_WARN_UNINITIALIZED_AUTOS = YES_AGGRESSIVE;
				GCC_WARN_UNUSED_FUNCTION = YES;
				GCC_WARN_UNUSED_VARIABLE = YES;
				IPHONEOS_DEPLOYMENT_TARGET = 16.1;
				MTL_ENABLE_DEBUG_INFO = INCLUDE_SOURCE;
				MTL_FAST_MATH = YES;
				ONLY_ACTIVE_ARCH = YES;
				SDKROOT = iphoneos;
				SWIFT_ACTIVE_COMPILATION_CONDITIONS = DEBUG;
				SWIFT_OPTIMIZATION_LEVEL = "-Onone";
			};
			name = Debug;
		};
		5433C0572987B97800280BA5 /* Release */ = {
			isa = XCBuildConfiguration;
			buildSettings = {
				ALWAYS_SEARCH_USER_PATHS = NO;
				CLANG_ANALYZER_NONNULL = YES;
				CLANG_ANALYZER_NUMBER_OBJECT_CONVERSION = YES_AGGRESSIVE;
				CLANG_CXX_LANGUAGE_STANDARD = "gnu++20";
				CLANG_ENABLE_MODULES = YES;
				CLANG_ENABLE_OBJC_ARC = YES;
				CLANG_ENABLE_OBJC_WEAK = YES;
				CLANG_WARN_BLOCK_CAPTURE_AUTORELEASING = YES;
				CLANG_WARN_BOOL_CONVERSION = YES;
				CLANG_WARN_COMMA = YES;
				CLANG_WARN_CONSTANT_CONVERSION = YES;
				CLANG_WARN_DEPRECATED_OBJC_IMPLEMENTATIONS = YES;
				CLANG_WARN_DIRECT_OBJC_ISA_USAGE = YES_ERROR;
				CLANG_WARN_DOCUMENTATION_COMMENTS = YES;
				CLANG_WARN_EMPTY_BODY = YES;
				CLANG_WARN_ENUM_CONVERSION = YES;
				CLANG_WARN_INFINITE_RECURSION = YES;
				CLANG_WARN_INT_CONVERSION = YES;
				CLANG_WARN_NON_LITERAL_NULL_CONVERSION = YES;
				CLANG_WARN_OBJC_IMPLICIT_RETAIN_SELF = YES;
				CLANG_WARN_OBJC_LITERAL_CONVERSION = YES;
				CLANG_WARN_OBJC_ROOT_CLASS = YES_ERROR;
				CLANG_WARN_QUOTED_INCLUDE_IN_FRAMEWORK_HEADER = YES;
				CLANG_WARN_RANGE_LOOP_ANALYSIS = YES;
				CLANG_WARN_STRICT_PROTOTYPES = YES;
				CLANG_WARN_SUSPICIOUS_MOVE = YES;
				CLANG_WARN_UNGUARDED_AVAILABILITY = YES_AGGRESSIVE;
				CLANG_WARN_UNREACHABLE_CODE = YES;
				CLANG_WARN__DUPLICATE_METHOD_MATCH = YES;
				COPY_PHASE_STRIP = NO;
				DEBUG_INFORMATION_FORMAT = "dwarf-with-dsym";
				ENABLE_NS_ASSERTIONS = NO;
				ENABLE_STRICT_OBJC_MSGSEND = YES;
				GCC_C_LANGUAGE_STANDARD = gnu11;
				GCC_NO_COMMON_BLOCKS = YES;
				GCC_WARN_64_TO_32_BIT_CONVERSION = YES;
				GCC_WARN_ABOUT_RETURN_TYPE = YES_ERROR;
				GCC_WARN_UNDECLARED_SELECTOR = YES;
				GCC_WARN_UNINITIALIZED_AUTOS = YES_AGGRESSIVE;
				GCC_WARN_UNUSED_FUNCTION = YES;
				GCC_WARN_UNUSED_VARIABLE = YES;
				IPHONEOS_DEPLOYMENT_TARGET = 16.1;
				MTL_ENABLE_DEBUG_INFO = NO;
				MTL_FAST_MATH = YES;
				SDKROOT = iphoneos;
				SWIFT_COMPILATION_MODE = wholemodule;
				SWIFT_OPTIMIZATION_LEVEL = "-O";
				VALIDATE_PRODUCT = YES;
			};
			name = Release;
		};
		5433C0592987B97800280BA5 /* Debug */ = {
			isa = XCBuildConfiguration;
			buildSettings = {
				ASSETCATALOG_COMPILER_APPICON_NAME = AppIcon;
				ASSETCATALOG_COMPILER_GLOBAL_ACCENT_COLOR_NAME = AccentColor;
				CODE_SIGN_STYLE = Automatic;
				CURRENT_PROJECT_VERSION = 1;
				GENERATE_INFOPLIST_FILE = YES;
				INFOPLIST_FILE = Quizzler/Applications/Info.plist;
				INFOPLIST_KEY_UIApplicationSupportsIndirectInputEvents = YES;
				INFOPLIST_KEY_UILaunchStoryboardName = LaunchScreen;
				INFOPLIST_KEY_UISupportedInterfaceOrientations_iPad = "UIInterfaceOrientationPortrait UIInterfaceOrientationPortraitUpsideDown UIInterfaceOrientationLandscapeLeft UIInterfaceOrientationLandscapeRight";
				INFOPLIST_KEY_UISupportedInterfaceOrientations_iPhone = "UIInterfaceOrientationPortrait UIInterfaceOrientationLandscapeLeft UIInterfaceOrientationLandscapeRight";
				LD_RUNPATH_SEARCH_PATHS = (
					"$(inherited)",
					"@executable_path/Frameworks",
				);
				MARKETING_VERSION = 1.0;
				PRODUCT_BUNDLE_IDENTIFIER = noone.Quizzler;
				PRODUCT_NAME = "$(TARGET_NAME)";
				SWIFT_EMIT_LOC_STRINGS = YES;
				SWIFT_VERSION = 5.0;
				TARGETED_DEVICE_FAMILY = "1,2";
			};
			name = Debug;
		};
		5433C05A2987B97800280BA5 /* Release */ = {
			isa = XCBuildConfiguration;
			buildSettings = {
				ASSETCATALOG_COMPILER_APPICON_NAME = AppIcon;
				ASSETCATALOG_COMPILER_GLOBAL_ACCENT_COLOR_NAME = AccentColor;
				CODE_SIGN_STYLE = Automatic;
				CURRENT_PROJECT_VERSION = 1;
				GENERATE_INFOPLIST_FILE = YES;
				INFOPLIST_FILE = Quizzler/Applications/Info.plist;
				INFOPLIST_KEY_UIApplicationSupportsIndirectInputEvents = YES;
				INFOPLIST_KEY_UILaunchStoryboardName = LaunchScreen;
				INFOPLIST_KEY_UISupportedInterfaceOrientations_iPad = "UIInterfaceOrientationPortrait UIInterfaceOrientationPortraitUpsideDown UIInterfaceOrientationLandscapeLeft UIInterfaceOrientationLandscapeRight";
				INFOPLIST_KEY_UISupportedInterfaceOrientations_iPhone = "UIInterfaceOrientationPortrait UIInterfaceOrientationLandscapeLeft UIInterfaceOrientationLandscapeRight";
				LD_RUNPATH_SEARCH_PATHS = (
					"$(inherited)",
					"@executable_path/Frameworks",
				);
				MARKETING_VERSION = 1.0;
				PRODUCT_BUNDLE_IDENTIFIER = noone.Quizzler;
				PRODUCT_NAME = "$(TARGET_NAME)";
				SWIFT_EMIT_LOC_STRINGS = YES;
				SWIFT_VERSION = 5.0;
				TARGETED_DEVICE_FAMILY = "1,2";
			};
			name = Release;
		};
/* End XCBuildConfiguration section */

/* Begin XCConfigurationList section */
		5433C03F2987B97700280BA5 /* Build configuration list for PBXProject "Quizzler" */ = {
			isa = XCConfigurationList;
			buildConfigurations = (
				5433C0562987B97800280BA5 /* Debug */,
				5433C0572987B97800280BA5 /* Release */,
			);
			defaultConfigurationIsVisible = 0;
			defaultConfigurationName = Release;
		};
		5433C0582987B97800280BA5 /* Build configuration list for PBXNativeTarget "Quizzler" */ = {
			isa = XCConfigurationList;
			buildConfigurations = (
				5433C0592987B97800280BA5 /* Debug */,
				5433C05A2987B97800280BA5 /* Release */,
			);
			defaultConfigurationIsVisible = 0;
			defaultConfigurationName = Release;
		};
/* End XCConfigurationList section */
	};
	rootObject = 5433C03C2987B97700280BA5 /* Project object */;
}
